
Microsoft Visual Studio Solution File, Format Version 12.00
# Visual Studio Version 17
VisualStudioVersion = 17.14.36310.24
MinimumVisualStudioVersion = 10.0.40219.1
Project("{FAE04EC0-301F-11D3-BF4B-00C04F79EFBC}") = "SampleProject", "SampleProject.csproj", "{523249A7-DCA8-464A-9C51-7DF87D69F270}"
EndProject
Project("{FAE04EC0-301F-11D3-BF4B-00C04F79EFBC}") = "EmployeeWriteService", "EmployeeWriteService\EmployeeWriteService.csproj", "{58652072-CEA7-4186-9ED5-56877A7FDDDB}"
EndProject
Project("{FAE04EC0-301F-11D3-BF4B-00C04F79EFBC}") = "EmployeeReadService", "EmployeeReadService\EmployeeReadService.csproj", "{7A3F663B-253F-4CE1-880B-50F7D9F183C2}"
EndProject
Project("{FAE04EC0-301F-11D3-BF4B-00C04F79EFBC}") = "UserService", "UserService\UserService.csproj", "{6F428B36-057A-473D-B202-CB9E132775E9}"
EndProject
Project("{FAE04EC0-301F-11D3-BF4B-00C04F79EFBC}") = "TestProject", "TestProject\TestProject.csproj", "{71ADB186-B3F5-4CAE-95B2-00782A8D6367}"
EndProject
Global
	GlobalSection(SolutionConfigurationPlatforms) = preSolution
		Debug|Any CPU = Debug|Any CPU
		Release|Any CPU = Release|Any CPU
	EndGlobalSection
	GlobalSection(ProjectConfigurationPlatforms) = postSolution
		{523249A7-DCA8-464A-9C51-7DF87D69F270}.Debug|Any CPU.ActiveCfg = Debug|Any CPU
		{523249A7-DCA8-464A-9C51-7DF87D69F270}.Debug|Any CPU.Build.0 = Debug|Any CPU
		{523249A7-DCA8-464A-9C51-7DF87D69F270}.Release|Any CPU.ActiveCfg = Release|Any CPU
		{523249A7-DCA8-464A-9C51-7DF87D69F270}.Release|Any CPU.Build.0 = Release|Any CPU
		{58652072-CEA7-4186-9ED5-56877A7FDDDB}.Debug|Any CPU.ActiveCfg = Debug|Any CPU
		{58652072-CEA7-4186-9ED5-56877A7FDDDB}.Debug|Any CPU.Build.0 = Debug|Any CPU
		{58652072-CEA7-4186-9ED5-56877A7FDDDB}.Release|Any CPU.ActiveCfg = Release|Any CPU
		{58652072-CEA7-4186-9ED5-56877A7FDDDB}.Release|Any CPU.Build.0 = Release|Any CPU
		{7A3F663B-253F-4CE1-880B-50F7D9F183C2}.Debug|Any CPU.ActiveCfg = Debug|Any CPU
		{7A3F663B-253F-4CE1-880B-50F7D9F183C2}.Debug|Any CPU.Build.0 = Debug|Any CPU
		{7A3F663B-253F-4CE1-880B-50F7D9F183C2}.Release|Any CPU.ActiveCfg = Release|Any CPU
		{7A3F663B-253F-4CE1-880B-50F7D9F183C2}.Release|Any CPU.Build.0 = Release|Any CPU
		{6F428B36-057A-473D-B202-CB9E132775E9}.Debug|Any CPU.ActiveCfg = Debug|Any CPU
		{6F428B36-057A-473D-B202-CB9E132775E9}.Debug|Any CPU.Build.0 = Debug|Any CPU
		{6F428B36-057A-473D-B202-CB9E132775E9}.Release|Any CPU.ActiveCfg = Release|Any CPU
		{6F428B36-057A-473D-B202-CB9E132775E9}.Release|Any CPU.Build.0 = Release|Any CPU
		{71ADB186-B3F5-4CAE-95B2-00782A8D6367}.Debug|Any CPU.ActiveCfg = Debug|Any CPU
		{71ADB186-B3F5-4CAE-95B2-00782A8D6367}.Debug|Any CPU.Build.0 = Debug|Any CPU
		{71ADB186-B3F5-4CAE-95B2-00782A8D6367}.Release|Any CPU.ActiveCfg = Release|Any CPU
		{71ADB186-B3F5-4CAE-95B2-00782A8D6367}.Release|Any CPU.Build.0 = Release|Any CPU
	EndGlobalSection
	GlobalSection(SolutionProperties) = preSolution
		HideSolutionNode = FALSE
	EndGlobalSection
	GlobalSection(ExtensibilityGlobals) = postSolution
		SolutionGuid = {14C4EBE2-78B0-4EAB-9768-B73B5E867DC9}
	EndGlobalSection
EndGlobal
